
Microsoft Visual Studio Solution File, Format Version 12.00
# Visual Studio Version 17
VisualStudioVersion = 17.13.35919.96 d17.13
MinimumVisualStudioVersion = 10.0.40219.1
Project("{FAE04EC0-301F-11D3-BF4B-00C04F79EFBC}") = "creacionfichero", "creacionfichero\creacionfichero.csproj", "{A9830E8E-7E32-49FE-B12F-73715EAE77EF}"
EndProject
Global
	GlobalSection(SolutionConfigurationPlatforms) = preSolution
		Debug|Any CPU = Debug|Any CPU
		Release|Any CPU = Release|Any CPU
	EndGlobalSection
	GlobalSection(ProjectConfigurationPlatforms) = postSolution
		{A9830E8E-7E32-49FE-B12F-73715EAE77EF}.Debug|Any CPU.ActiveCfg = Debug|Any CPU
		{A9830E8E-7E32-49FE-B12F-73715EAE77EF}.Debug|Any CPU.Build.0 = Debug|Any CPU
		{A9830E8E-7E32-49FE-B12F-73715EAE77EF}.Release|Any CPU.ActiveCfg = Release|Any CPU
		{A9830E8E-7E32-49FE-B12F-73715EAE77EF}.Release|Any CPU.Build.0 = Release|Any CPU
	EndGlobalSection
	GlobalSection(SolutionProperties) = preSolution
		HideSolutionNode = FALSE
	EndGlobalSection
	GlobalSection(ExtensibilityGlobals) = postSolution
		SolutionGuid = {0264BF4B-E95F-47BE-A00C-1DD4B777F474}
	EndGlobalSection
EndGlobal
